
Microsoft Visual Studio Solution File, Format Version 12.00
Project("{2150E333-8FDC-42A3-9474-1A3956D46DE8}") = "apps", "apps", "{4BE205F7-2D02-461D-83F4-68FA3912DEDA}"
EndProject
Project("{2150E333-8FDC-42A3-9474-1A3956D46DE8}") = "Frontend", "Frontend", "{C33BE346-1DE2-41F0-92CA-99085ACD6779}"
EndProject
Project("{FAE04EC0-301F-11D3-BF4B-00C04F79EFBC}") = "apps.Frontend.Tests", "apps.Frontend.Tests\apps.Frontend.Tests.csproj", "{6EA655B8-5177-4F9B-BB05-64E5B29D2682}"
EndProject
Project("{2150E333-8FDC-42A3-9474-1A3956D46DE8}") = "API", "API", "{589D8533-CAD8-4215-A4C2-FECD686F9455}"
EndProject
Project("{FAE04EC0-301F-11D3-BF4B-00C04F79EFBC}") = "apps.API.Tests", "apps.API.Tests\apps.API.Tests.csproj", "{BFDD22A8-0A4B-4BD3-985F-BE6306C39297}"
EndProject
Global
	GlobalSection(SolutionConfigurationPlatforms) = preSolution
		Debug|Any CPU = Debug|Any CPU
		Release|Any CPU = Release|Any CPU
	EndGlobalSection
	GlobalSection(ProjectConfigurationPlatforms) = postSolution
		{6EA655B8-5177-4F9B-BB05-64E5B29D2682}.Debug|Any CPU.ActiveCfg = Debug|Any CPU
		{6EA655B8-5177-4F9B-BB05-64E5B29D2682}.Debug|Any CPU.Build.0 = Debug|Any CPU
		{6EA655B8-5177-4F9B-BB05-64E5B29D2682}.Release|Any CPU.ActiveCfg = Release|Any CPU
		{6EA655B8-5177-4F9B-BB05-64E5B29D2682}.Release|Any CPU.Build.0 = Release|Any CPU
		{BFDD22A8-0A4B-4BD3-985F-BE6306C39297}.Debug|Any CPU.ActiveCfg = Debug|Any CPU
		{BFDD22A8-0A4B-4BD3-985F-BE6306C39297}.Debug|Any CPU.Build.0 = Debug|Any CPU
		{BFDD22A8-0A4B-4BD3-985F-BE6306C39297}.Release|Any CPU.ActiveCfg = Release|Any CPU
		{BFDD22A8-0A4B-4BD3-985F-BE6306C39297}.Release|Any CPU.Build.0 = Release|Any CPU
	EndGlobalSection
	GlobalSection(NestedProjects) = preSolution
		{C33BE346-1DE2-41F0-92CA-99085ACD6779} = {4BE205F7-2D02-461D-83F4-68FA3912DEDA}
		{6EA655B8-5177-4F9B-BB05-64E5B29D2682} = {C33BE346-1DE2-41F0-92CA-99085ACD6779}
		{589D8533-CAD8-4215-A4C2-FECD686F9455} = {4BE205F7-2D02-461D-83F4-68FA3912DEDA}
		{BFDD22A8-0A4B-4BD3-985F-BE6306C39297} = {589D8533-CAD8-4215-A4C2-FECD686F9455}
	EndGlobalSection
EndGlobal
